
Microsoft Visual Studio Solution File, Format Version 12.00
# Visual Studio Version 17
VisualStudioVersion = 17.7.34031.279
MinimumVisualStudioVersion = 10.0.40219.1
Project("{FAE04EC0-301F-11D3-BF4B-00C04F79EFBC}") = "multu_db_test_console", "multu_db_test_console\multu_db_test_console.csproj", "{9F44C200-4B6F-4572-8AC8-0C24E1B82A91}"
EndProject
Global
	GlobalSection(SolutionConfigurationPlatforms) = preSolution
		Debug|Any CPU = Debug|Any CPU
		Release|Any CPU = Release|Any CPU
	EndGlobalSection
	GlobalSection(ProjectConfigurationPlatforms) = postSolution
		{9F44C200-4B6F-4572-8AC8-0C24E1B82A91}.Debug|Any CPU.ActiveCfg = Debug|Any CPU
		{9F44C200-4B6F-4572-8AC8-0C24E1B82A91}.Debug|Any CPU.Build.0 = Debug|Any CPU
		{9F44C200-4B6F-4572-8AC8-0C24E1B82A91}.Release|Any CPU.ActiveCfg = Release|Any CPU
		{9F44C200-4B6F-4572-8AC8-0C24E1B82A91}.Release|Any CPU.Build.0 = Release|Any CPU
	EndGlobalSection
	GlobalSection(SolutionProperties) = preSolution
		HideSolutionNode = FALSE
	EndGlobalSection
	GlobalSection(ExtensibilityGlobals) = postSolution
		SolutionGuid = {70B65B8D-1987-45B8-A4C5-B4B69B3AA7A2}
	EndGlobalSection
EndGlobal
